{
  "lockfile_version": "1",
  "packages": {
    "docker-compose@latest": {
      "last_modified": "2026-02-23T15:40:43Z",
      "resolved": "github:NixOS/nixpkgs/80d901ec0377e19ac3f7bb8c035201e2e098cc97#docker-compose",
      "source": "devbox-search",
      "version": "5.0.2",
      "systems": {
        "aarch64-darwin": {
          "outputs": [
            {
              "name": "out",
              "path": "/nix/store/97m9rbwq7rny6amvmyv1jx0p8ih378c2-docker-compose-5.0.2",
              "default": true
            }
          ],
          "store_path": "/nix/store/97m9rbwq7rny6amvmyv1jx0p8ih378c2-docker-compose-5.0.2"
        },
        "aarch64-linux": {
          "outputs": [
            {
              "name": "out",
              "path": "/nix/store/cswckymidicwvhx77jbsyc663dfr6amv-docker-compose-5.0.2",
              "default": true
            }
          ],
          "store_path": "/nix/store/cswckymidicwvhx77jbsyc663dfr6amv-docker-compose-5.0.2"
        },
        "x86_64-darwin": {
          "outputs": [
            {
              "name": "out",
              "path": "/nix/store/30k0bhlngfp77acfnazhkylqhp6yl3ls-docker-compose-5.0.2",
              "default": true
            }
          ],
          "store_path": "/nix/store/30k0bhlngfp77acfnazhkylqhp6yl3ls-docker-compose-5.0.2"
        },
        "x86_64-linux": {
          "outputs": [
            {
              "name": "out",
              "path": "/nix/store/q2d8xphgqlvvdzlnb3pciryjxljq6c09-docker-compose-5.0.2",
              "default": true
            }
          ],
          "store_path": "/nix/store/q2d8xphgqlvvdzlnb3pciryjxljq6c09-docker-compose-5.0.2"
        }
      }
    },
    "github:NixOS/nixpkgs/nixpkgs-unstable": {
      "last_modified": "2026-03-15T17:58:12Z",
      "resolved": "github:NixOS/nixpkgs/a07d4ce6bee67d7c838a8a5796e75dff9caa21ef?lastModified=1773597492&narHash=sha256-hQ284SkIeNaeyud%2BLS0WVLX%2BWL2rxcVZLFEaK0e03zg%3D"
    },
    "python@3.12": {
      "last_modified": "2026-03-07T23:46:50Z",
      "plugin_version": "0.0.4",
      "resolved": "github:NixOS/nixpkgs/0e6cdd5be64608ef630c2e41f8d51d484468492f#python312",
      "source": "devbox-search",
      "version": "3.12.13",
      "systems": {
        "aarch64-darwin": {
          "outputs": [
            {
              "name": "out",
              "path": "/nix/store/0kpmn91hpcg7fx0kd4ji2blhnigzvw98-python3-3.12.13",
              "default": true
            }
          ],
          "store_path": "/nix/store/0kpmn91hpcg7fx0kd4ji2blhnigzvw98-python3-3.12.13"
        },
        "aarch64-linux": {
          "outputs": [
            {
              "name": "out",
              "path": "/nix/store/n7zacbangs6qzrfb8xg8b5cqkxcv6499-python3-3.12.13",
              "default": true
            },
            {
              "name": "debug",
              "path": "/nix/store/qj5pnvfqcdf34ri8fwdpk8dbz3fdk5lz-python3-3.12.13-debug"
            }
          ],
          "store_path": "/nix/store/n7zacbangs6qzrfb8xg8b5cqkxcv6499-python3-3.12.13"
        },
        "x86_64-darwin": {
          "outputs": [
            {
              "name": "out",
              "path": "/nix/store/gjw0dj160905a2z35r5pv9gb50mnav7r-python3-3.12.13",
              "default": true
            }
          ],
          "store_path": "/nix/store/gjw0dj160905a2z35r5pv9gb50mnav7r-python3-3.12.13"
        },
        "x86_64-linux": {
          "outputs": [
            {
              "name": "out",
              "path": "/nix/store/ja66iyv96y1cbjhj7fl5ghqqmy9fyacj-python3-3.12.13",
              "default": true
            },
            {
              "name": "debug",
              "path": "/nix/store/zacz4qsg5g7z60ajw1s3jnmpf0vkr1f4-python3-3.12.13-debug"
            }
          ],
          "store_path": "/nix/store/ja66iyv96y1cbjhj7fl5ghqqmy9fyacj-python3-3.12.13"
        }
      }
    },
    "tree@latest": {
      "last_modified": "2026-03-02T11:03:52Z",
      "resolved": "github:NixOS/nixpkgs/dc7513872406b53d2ff417a003895d6daffdff2f#tree",
      "source": "devbox-search",
      "version": "2.3.1",
      "systems": {
        "aarch64-darwin": {
          "outputs": [
            {
              "name": "out",
              "path": "/nix/store/pld2a8433i0scy34w5z0kzq03c1k2vd5-tree-2.3.1",
              "default": true
            },
            {
              "name": "man",
              "path": "/nix/store/g4a0yi12db25qk4qc4skbh1zdgzw2giz-tree-2.3.1-man",
              "default": true
            }
          ],
          "store_path": "/nix/store/pld2a8433i0scy34w5z0kzq03c1k2vd5-tree-2.3.1"
        },
        "aarch64-linux": {
          "outputs": [
            {
              "name": "out",
              "path": "/nix/store/h2gw9bi265digca783r0za54l1lfp9y9-tree-2.3.1",
              "default": true
            },
            {
              "name": "man",
              "path": "/nix/store/5i2dqj5zqgpq3fa1s3d8s9svc36k0n55-tree-2.3.1-man",
              "default": true
            }
          ],
          "store_path": "/nix/store/h2gw9bi265digca783r0za54l1lfp9y9-tree-2.3.1"
        },
        "x86_64-darwin": {
          "outputs": [
            {
              "name": "out",
              "path": "/nix/store/dpp2sj821ni5n54dgi6nmx1vl3s6mv5d-tree-2.3.1",
              "default": true
            },
            {
              "name": "man",
              "path": "/nix/store/p7mna77iwbijc912mjs5b2pm7hmlmx2i-tree-2.3.1-man",
              "default": true
            }
          ],
          "store_path": "/nix/store/dpp2sj821ni5n54dgi6nmx1vl3s6mv5d-tree-2.3.1"
        },
        "x86_64-linux": {
          "outputs": [
            {
              "name": "out",
              "path": "/nix/store/8c37d86raj3v3djfhbj87s42w30frswv-tree-2.3.1",
              "default": true
            },
            {
              "name": "man",
              "path": "/nix/store/1yqkw24qfb9c8r9y8bjs52qc0ra6574w-tree-2.3.1-man",
              "default": true
            }
          ],
          "store_path": "/nix/store/8c37d86raj3v3djfhbj87s42w30frswv-tree-2.3.1"
        }
      }
    },
    "uv@latest": {
      "last_modified": "2026-03-10T02:35:18Z",
      "resolved": "github:NixOS/nixpkgs/e607cb5360ff1234862ac9f8839522becb853bb9#uv",
      "source": "devbox-search",
      "version": "0.10.9",
      "systems": {
        "aarch64-darwin": {
          "outputs": [
            {
              "name": "out",
              "path": "/nix/store/wmckdc6wg4ras8rb354n4672rq3xwr9i-uv-0.10.9",
              "default": true
            }
          ],
          "store_path": "/nix/store/wmckdc6wg4ras8rb354n4672rq3xwr9i-uv-0.10.9"
        },
        "aarch64-linux": {
          "outputs": [
            {
              "name": "out",
              "path": "/nix/store/8idsi0vzrrvyjcvhb908gvg9wx49vrvm-uv-0.10.9",
              "default": true
            }
          ],
          "store_path": "/nix/store/8idsi0vzrrvyjcvhb908gvg9wx49vrvm-uv-0.10.9"
        },
        "x86_64-darwin": {
          "outputs": [
            {
              "name": "out",
              "path": "/nix/store/qi4bdz0a1msls43y0ilh02mksl1wnfjq-uv-0.10.9",
              "default": true
            }
          ],
          "store_path": "/nix/store/qi4bdz0a1msls43y0ilh02mksl1wnfjq-uv-0.10.9"
        },
        "x86_64-linux": {
          "outputs": [
            {
              "name": "out",
              "path": "/nix/store/84rpgnqzji6dlcdg6dp8hkr6n469cwg1-uv-0.10.9",
              "default": true
            }
          ],
          "store_path": "/nix/store/84rpgnqzji6dlcdg6dp8hkr6n469cwg1-uv-0.10.9"
        }
      }
    }
  }
}
